{
  "name": "computer",
  "version": "1.0.0",
  "lockfileVersion": 3,
  "requires": true,
  "packages": {
    "": {
      "license": "MIT",
      "workspaces": [
        "isa",
        "hardware",
        "compiler",
        "os"
      ],
      "devDependencies": {
        "@types/node": "^22.5.5"
      }
    },
    "compiler": {},
    "hardware": {},
    "isa": {},
    "node_modules/@types/node": {
      "version": "22.5.5",
      "resolved": "https://registry.npmjs.org/@types/node/-/node-22.5.5.tgz",
      "integrity": "sha512-Xjs4y5UPO/CLdzpgR6GirZJx36yScjh73+2NlLlkFRSoQN8B0DpfXPdZGnvVmLRLOsqDpOfTNv7D9trgGhmOIA==",
      "dev": true,
      "license": "MIT",
      "dependencies": {
        "undici-types": "~6.19.2"
      }
    },
    "node_modules/compiler": {
      "resolved": "compiler",
      "link": true
    },
    "node_modules/hardware": {
      "resolved": "hardware",
      "link": true
    },
    "node_modules/isa": {
      "resolved": "isa",
      "link": true
    },
    "node_modules/os": {
      "resolved": "os",
      "link": true
    },
    "node_modules/undici-types": {
      "version": "6.19.8",
      "resolved": "https://registry.npmjs.org/undici-types/-/undici-types-6.19.8.tgz",
      "integrity": "sha512-ve2KP6f/JnbPBFyobGHuerC9g1FYGn/F8n1LWTwNxCEzd6IfqTwUQcNXgEtmmQ6DlRrC1hrSrBnCZPokRrDHjw==",
      "dev": true,
      "license": "MIT"
    },
    "os": {}
  }
}
